
Microsoft Visual Studio Solution File, Format Version 12.00
# Visual Studio Version 17
VisualStudioVersion = 17.3.32825.248
MinimumVisualStudioVersion = 10.0.40219.1
Project("{8BC9CEB8-8B4A-11D0-8D11-00A0C91BC942}") = "Project3", "Project3\Project3.vcxproj", "{C44870AD-91C3-4B7A-B97F-24A1FE09755F}"
EndProject
Global
	GlobalSection(SolutionConfigurationPlatforms) = preSolution
		Debug|x64 = Debug|x64
		Debug|x86 = Debug|x86
		Release|x64 = Release|x64
		Release|x86 = Release|x86
	EndGlobalSection
	GlobalSection(ProjectConfigurationPlatforms) = postSolution
		{C44870AD-91C3-4B7A-B97F-24A1FE09755F}.Debug|x64.ActiveCfg = Debug|x64
		{C44870AD-91C3-4B7A-B97F-24A1FE09755F}.Debug|x64.Build.0 = Debug|x64
		{C44870AD-91C3-4B7A-B97F-24A1FE09755F}.Debug|x86.ActiveCfg = Debug|Win32
		{C44870AD-91C3-4B7A-B97F-24A1FE09755F}.Debug|x86.Build.0 = Debug|Win32
		{C44870AD-91C3-4B7A-B97F-24A1FE09755F}.Release|x64.ActiveCfg = Release|x64
		{C44870AD-91C3-4B7A-B97F-24A1FE09755F}.Release|x64.Build.0 = Release|x64
		{C44870AD-91C3-4B7A-B97F-24A1FE09755F}.Release|x86.ActiveCfg = Release|Win32
		{C44870AD-91C3-4B7A-B97F-24A1FE09755F}.Release|x86.Build.0 = Release|Win32
	EndGlobalSection
	GlobalSection(SolutionProperties) = preSolution
		HideSolutionNode = FALSE
	EndGlobalSection
	GlobalSection(ExtensibilityGlobals) = postSolution
		SolutionGuid = {64520E43-96B4-44AF-8C29-1813ED22CD88}
	EndGlobalSection
EndGlobal
